
Microsoft Visual Studio Solution File, Format Version 12.00
# Visual Studio 15
Project("{FAE04EC0-301F-11D3-BF4B-00C04F79EFBC}") = "T4Test002", "T4Test002\T4Test002.csproj", "{AF704AD6-2174-4B11-8BA7-8311D7CBA033}"
EndProject
Global
	GlobalSection(SolutionConfigurationPlatforms) = preSolution
		Debug|Any CPU = Debug|Any CPU
		Release|Any CPU = Release|Any CPU
	EndGlobalSection
	GlobalSection(ProjectConfigurationPlatforms) = postSolution
		{AF704AD6-2174-4B11-8BA7-8311D7CBA033}.Debug|Any CPU.ActiveCfg = Debug|Any CPU
		{AF704AD6-2174-4B11-8BA7-8311D7CBA033}.Debug|Any CPU.Build.0 = Debug|Any CPU
		{AF704AD6-2174-4B11-8BA7-8311D7CBA033}.Release|Any CPU.ActiveCfg = Release|Any CPU
		{AF704AD6-2174-4B11-8BA7-8311D7CBA033}.Release|Any CPU.Build.0 = Release|Any CPU
	EndGlobalSection
EndGlobal
