
Microsoft Visual Studio Solution File, Format Version 12.00
# Visual Studio 15
Project("{FAE04EC0-301F-11D3-BF4B-00C04F79EFBC}") = "T4Test002", "T4Test002.csproj", "{4EEFA7CC-5305-4873-883B-F6A8D6017A2F}"
EndProject
Global
	GlobalSection(SolutionConfigurationPlatforms) = preSolution
		Debug|Any CPU = Debug|Any CPU
		Release|Any CPU = Release|Any CPU
	EndGlobalSection
	GlobalSection(ProjectConfigurationPlatforms) = postSolution
		{4EEFA7CC-5305-4873-883B-F6A8D6017A2F}.Debug|Any CPU.ActiveCfg = Debug|Any CPU
		{4EEFA7CC-5305-4873-883B-F6A8D6017A2F}.Debug|Any CPU.Build.0 = Debug|Any CPU
		{4EEFA7CC-5305-4873-883B-F6A8D6017A2F}.Release|Any CPU.ActiveCfg = Release|Any CPU
		{4EEFA7CC-5305-4873-883B-F6A8D6017A2F}.Release|Any CPU.Build.0 = Release|Any CPU
	EndGlobalSection
EndGlobal
